# THIS IS AN AUTOGENERATED FILE. DO NOT EDIT THIS FILE DIRECTLY.
# yarn lockfile v1


js-context@^0.6.1:
  version "0.6.1"
  resolved "https://registry.yarnpkg.com/js-context/-/js-context-0.6.1.tgz#843993f27e4409e44e8147926e4060b0856cf8e7"
  integrity sha512-jW7bk/NyHh72xByq0Ei/Oc42Es8UrZWwxkw/MAVe/h9xNQluvSxMZ8h4948OQsvF8oWa7tRFxK3FNB7tot40UA==
