# THIS IS AN AUTOGENERATED FILE. DO NOT EDIT THIS FILE DIRECTLY.
# yarn lockfile v1


js-context@^0.3.0:
  version "0.3.0"
  resolved "https://registry.yarnpkg.com/js-context/-/js-context-0.3.0.tgz#13d5e70a02ab5cb88bdd94f42dbeec61af761723"
  integrity sha512-tbS3qaeBpsD6efVzRZA1/ShCJNxHJzovQ3iLld5JxgekuH4oq8OEFusaj3qdoC9d/nWRfdSvGqC605UpK8Jfcg==
