# THIS IS AN AUTOGENERATED FILE. DO NOT EDIT THIS FILE DIRECTLY.
# yarn lockfile v1


js-context@^0.7.0:
  version "0.7.0"
  resolved "https://registry.yarnpkg.com/js-context/-/js-context-0.7.0.tgz#dd11ac417d27d359a4dcdeae180443047f475eb1"
  integrity sha512-/36Bi0SkeRqoQh+f85r4Iur63M8aGGXhQrVcmANFvt06oA2UiYir5i0A7Df0fUO13SqgymPTn9c4smtZxwVu7Q==
